// !$*UTF8*$!
{
	archiveVersion = 1;
	classes = {
	};
	objectVersion = 50;
	objects = {

/* Begin PBXBuildFile section */
		F30FCB0425AE180C00A9F6AF /* CalendarView.swift in Sources */ = {isa = PBXBuildFile; fileRef = F31BCAEE257BBCA3005343D6 /* CalendarView.swift */; };
		F3150C0B258783A7003129DE /* MoodModel.swift in Sources */ = {isa = PBXBuildFile; fileRef = F3150C0A258783A7003129DE /* MoodModel.swift */; };
		F3150C1325878419003129DE /* SymptomModel.swift in Sources */ = {isa = PBXBuildFile; fileRef = F3150C1225878419003129DE /* SymptomModel.swift */; };
		F3150C1825878441003129DE /* BleedingModel.swift in Sources */ = {isa = PBXBuildFile; fileRef = F3150C1725878441003129DE /* BleedingModel.swift */; };
		F31BCAAC257BB57D005343D6 /* periodeuxApp.swift in Sources */ = {isa = PBXBuildFile; fileRef = F31BCAAB257BB57D005343D6 /* periodeuxApp.swift */; };
		F31BCAAE257BB57D005343D6 /* ContentView.swift in Sources */ = {isa = PBXBuildFile; fileRef = F31BCAAD257BB57D005343D6 /* ContentView.swift */; };
		F31BCAB0257BB57F005343D6 /* Assets.xcassets in Resources */ = {isa = PBXBuildFile; fileRef = F31BCAAF257BB57F005343D6 /* Assets.xcassets */; };
		F31BCAB3257BB57F005343D6 /* Preview Assets.xcassets in Resources */ = {isa = PBXBuildFile; fileRef = F31BCAB2257BB57F005343D6 /* Preview Assets.xcassets */; };
		F31BCABE257BB57F005343D6 /* periodeuxTests.swift in Sources */ = {isa = PBXBuildFile; fileRef = F31BCABD257BB57F005343D6 /* periodeuxTests.swift */; };
		F31BCAC9257BB57F005343D6 /* periodeuxUITests.swift in Sources */ = {isa = PBXBuildFile; fileRef = F31BCAC8257BB57F005343D6 /* periodeuxUITests.swift */; };
		F31BCADA257BB6FD005343D6 /* Colors.xcassets in Resources */ = {isa = PBXBuildFile; fileRef = F31BCAD9257BB6FD005343D6 /* Colors.xcassets */; };
		F31BCAE2257BB92D005343D6 /* CountdownView.swift in Sources */ = {isa = PBXBuildFile; fileRef = F31BCAE1257BB92D005343D6 /* CountdownView.swift */; };
		F31BCAF4257BBDBB005343D6 /* RectangleWrapperView.swift in Sources */ = {isa = PBXBuildFile; fileRef = F31BCAF3257BBDBB005343D6 /* RectangleWrapperView.swift */; };
		F31BCAF9257BC562005343D6 /* InfoInputView.swift in Sources */ = {isa = PBXBuildFile; fileRef = F31BCAF8257BC562005343D6 /* InfoInputView.swift */; };
		F31BCB06257BC866005343D6 /* SmallMoodCellView.swift in Sources */ = {isa = PBXBuildFile; fileRef = F31BCB05257BC866005343D6 /* SmallMoodCellView.swift */; };
		F31BCB0B257BCDEC005343D6 /* SmallSymptomCellView.swift in Sources */ = {isa = PBXBuildFile; fileRef = F31BCB0A257BCDEC005343D6 /* SmallSymptomCellView.swift */; };
		F31BCB13257BD075005343D6 /* SmallBleedingCellView.swift in Sources */ = {isa = PBXBuildFile; fileRef = F31BCB12257BD075005343D6 /* SmallBleedingCellView.swift */; };
		F34556A72580106E00523956 /* ModalInfoView.swift in Sources */ = {isa = PBXBuildFile; fileRef = F34556A62580106E00523956 /* ModalInfoView.swift */; };
		F3B0365525890687003A6771 /* LargeMoodCellView.swift in Sources */ = {isa = PBXBuildFile; fileRef = F3B0365425890687003A6771 /* LargeMoodCellView.swift */; };
		F3B0365A2589069B003A6771 /* LargeSymptomCellView.swift in Sources */ = {isa = PBXBuildFile; fileRef = F3B036592589069B003A6771 /* LargeSymptomCellView.swift */; };
		F3B0365F258906A9003A6771 /* LargeBleedingCellView.swift in Sources */ = {isa = PBXBuildFile; fileRef = F3B0365E258906A9003A6771 /* LargeBleedingCellView.swift */; };
/* End PBXBuildFile section */

/* Begin PBXContainerItemProxy section */
		F31BCABA257BB57F005343D6 /* PBXContainerItemProxy */ = {
			isa = PBXContainerItemProxy;
			containerPortal = F31BCAA0257BB57D005343D6 /* Project object */;
			proxyType = 1;
			remoteGlobalIDString = F31BCAA7257BB57D005343D6;
			remoteInfo = periodeux;
		};
		F31BCAC5257BB57F005343D6 /* PBXContainerItemProxy */ = {
			isa = PBXContainerItemProxy;
			containerPortal = F31BCAA0257BB57D005343D6 /* Project object */;
			proxyType = 1;
			remoteGlobalIDString = F31BCAA7257BB57D005343D6;
			remoteInfo = periodeux;
		};
/* End PBXContainerItemProxy section */

/* Begin PBXFileReference section */
		F3150C0A258783A7003129DE /* MoodModel.swift */ = {isa = PBXFileReference; lastKnownFileType = sourcecode.swift; path = MoodModel.swift; sourceTree = "<group>"; };
		F3150C1225878419003129DE /* SymptomModel.swift */ = {isa = PBXFileReference; lastKnownFileType = sourcecode.swift; path = SymptomModel.swift; sourceTree = "<group>"; };
		F3150C1725878441003129DE /* BleedingModel.swift */ = {isa = PBXFileReference; lastKnownFileType = sourcecode.swift; path = BleedingModel.swift; sourceTree = "<group>"; };
		F31BCAA8257BB57D005343D6 /* periodeux.app */ = {isa = PBXFileReference; explicitFileType = wrapper.application; includeInIndex = 0; path = periodeux.app; sourceTree = BUILT_PRODUCTS_DIR; };
		F31BCAAB257BB57D005343D6 /* periodeuxApp.swift */ = {isa = PBXFileReference; lastKnownFileType = sourcecode.swift; path = periodeuxApp.swift; sourceTree = "<group>"; };
		F31BCAAD257BB57D005343D6 /* ContentView.swift */ = {isa = PBXFileReference; lastKnownFileType = sourcecode.swift; path = ContentView.swift; sourceTree = "<group>"; };
		F31BCAAF257BB57F005343D6 /* Assets.xcassets */ = {isa = PBXFileReference; lastKnownFileType = folder.assetcatalog; path = Assets.xcassets; sourceTree = "<group>"; };
		F31BCAB2257BB57F005343D6 /* Preview Assets.xcassets */ = {isa = PBXFileReference; lastKnownFileType = folder.assetcatalog; path = "Preview Assets.xcassets"; sourceTree = "<group>"; };
		F31BCAB4257BB57F005343D6 /* Info.plist */ = {isa = PBXFileReference; lastKnownFileType = text.plist.xml; path = Info.plist; sourceTree = "<group>"; };
		F31BCAB9257BB57F005343D6 /* periodeuxTests.xctest */ = {isa = PBXFileReference; explicitFileType = wrapper.cfbundle; includeInIndex = 0; path = periodeuxTests.xctest; sourceTree = BUILT_PRODUCTS_DIR; };
		F31BCABD257BB57F005343D6 /* periodeuxTests.swift */ = {isa = PBXFileReference; lastKnownFileType = sourcecode.swift; path = periodeuxTests.swift; sourceTree = "<group>"; };
		F31BCABF257BB57F005343D6 /* Info.plist */ = {isa = PBXFileReference; lastKnownFileType = text.plist.xml; path = Info.plist; sourceTree = "<group>"; };
		F31BCAC4257BB57F005343D6 /* periodeuxUITests.xctest */ = {isa = PBXFileReference; explicitFileType = wrapper.cfbundle; includeInIndex = 0; path = periodeuxUITests.xctest; sourceTree = BUILT_PRODUCTS_DIR; };
		F31BCAC8257BB57F005343D6 /* periodeuxUITests.swift */ = {isa = PBXFileReference; lastKnownFileType = sourcecode.swift; path = periodeuxUITests.swift; sourceTree = "<group>"; };
		F31BCACA257BB57F005343D6 /* Info.plist */ = {isa = PBXFileReference; lastKnownFileType = text.plist.xml; path = Info.plist; sourceTree = "<group>"; };
		F31BCAD9257BB6FD005343D6 /* Colors.xcassets */ = {isa = PBXFileReference; lastKnownFileType = folder.assetcatalog; path = Colors.xcassets; sourceTree = "<group>"; };
		F31BCAE1257BB92D005343D6 /* CountdownView.swift */ = {isa = PBXFileReference; lastKnownFileType = sourcecode.swift; path = CountdownView.swift; sourceTree = "<group>"; };
		F31BCAEE257BBCA3005343D6 /* CalendarView.swift */ = {isa = PBXFileReference; lastKnownFileType = sourcecode.swift; path = CalendarView.swift; sourceTree = "<group>"; };
		F31BCAF3257BBDBB005343D6 /* RectangleWrapperView.swift */ = {isa = PBXFileReference; lastKnownFileType = sourcecode.swift; path = RectangleWrapperView.swift; sourceTree = "<group>"; };
		F31BCAF8257BC562005343D6 /* InfoInputView.swift */ = {isa = PBXFileReference; lastKnownFileType = sourcecode.swift; path = InfoInputView.swift; sourceTree = "<group>"; };
		F31BCB05257BC866005343D6 /* SmallMoodCellView.swift */ = {isa = PBXFileReference; lastKnownFileType = sourcecode.swift; path = SmallMoodCellView.swift; sourceTree = "<group>"; };
		F31BCB0A257BCDEC005343D6 /* SmallSymptomCellView.swift */ = {isa = PBXFileReference; lastKnownFileType = sourcecode.swift; path = SmallSymptomCellView.swift; sourceTree = "<group>"; };
		F31BCB12257BD075005343D6 /* SmallBleedingCellView.swift */ = {isa = PBXFileReference; lastKnownFileType = sourcecode.swift; path = SmallBleedingCellView.swift; sourceTree = "<group>"; };
		F34556A62580106E00523956 /* ModalInfoView.swift */ = {isa = PBXFileReference; lastKnownFileType = sourcecode.swift; path = ModalInfoView.swift; sourceTree = "<group>"; };
		F3B0365425890687003A6771 /* LargeMoodCellView.swift */ = {isa = PBXFileReference; lastKnownFileType = sourcecode.swift; path = LargeMoodCellView.swift; sourceTree = "<group>"; };
		F3B036592589069B003A6771 /* LargeSymptomCellView.swift */ = {isa = PBXFileReference; lastKnownFileType = sourcecode.swift; path = LargeSymptomCellView.swift; sourceTree = "<group>"; };
		F3B0365E258906A9003A6771 /* LargeBleedingCellView.swift */ = {isa = PBXFileReference; lastKnownFileType = sourcecode.swift; path = LargeBleedingCellView.swift; sourceTree = "<group>"; };
/* End PBXFileReference section */

/* Begin PBXFrameworksBuildPhase section */
		F31BCAA5257BB57D005343D6 /* Frameworks */ = {
			isa = PBXFrameworksBuildPhase;
			buildActionMask = 2147483647;
			files = (
			);
			runOnlyForDeploymentPostprocessing = 0;
		};
		F31BCAB6257BB57F005343D6 /* Frameworks */ = {
			isa = PBXFrameworksBuildPhase;
			buildActionMask = 2147483647;
			files = (
			);
			runOnlyForDeploymentPostprocessing = 0;
		};
		F31BCAC1257BB57F005343D6 /* Frameworks */ = {
			isa = PBXFrameworksBuildPhase;
			buildActionMask = 2147483647;
			files = (
			);
			runOnlyForDeploymentPostprocessing = 0;
		};
/* End PBXFrameworksBuildPhase section */

/* Begin PBXGroup section */
		F3150C0925878389003129DE /* models */ = {
			isa = PBXGroup;
			children = (
				F3150C0A258783A7003129DE /* MoodModel.swift */,
				F3150C1225878419003129DE /* SymptomModel.swift */,
				F3150C1725878441003129DE /* BleedingModel.swift */,
			);
			path = models;
			sourceTree = "<group>";
		};
		F3150C22258786FE003129DE /* views */ = {
			isa = PBXGroup;
			children = (
				F31BCAF3257BBDBB005343D6 /* RectangleWrapperView.swift */,
				F31BCAE1257BB92D005343D6 /* CountdownView.swift */,
				F31BCAF8257BC562005343D6 /* InfoInputView.swift */,
				F31BCAEE257BBCA3005343D6 /* CalendarView.swift */,
				F34556A62580106E00523956 /* ModalInfoView.swift */,
				F3150C2325878703003129DE /* cellViews */,
			);
			path = views;
			sourceTree = "<group>";
		};
		F3150C2325878703003129DE /* cellViews */ = {
			isa = PBXGroup;
			children = (
				F31BCB05257BC866005343D6 /* SmallMoodCellView.swift */,
				F31BCB0A257BCDEC005343D6 /* SmallSymptomCellView.swift */,
				F31BCB12257BD075005343D6 /* SmallBleedingCellView.swift */,
				F3B0365425890687003A6771 /* LargeMoodCellView.swift */,
				F3B036592589069B003A6771 /* LargeSymptomCellView.swift */,
				F3B0365E258906A9003A6771 /* LargeBleedingCellView.swift */,
			);
			path = cellViews;
			sourceTree = "<group>";
		};
		F31BCA9F257BB57D005343D6 = {
			isa = PBXGroup;
			children = (
				F31BCAAA257BB57D005343D6 /* periodeux */,
				F31BCABC257BB57F005343D6 /* periodeuxTests */,
				F31BCAC7257BB57F005343D6 /* periodeuxUITests */,
				F31BCAA9257BB57D005343D6 /* Products */,
			);
			sourceTree = "<group>";
		};
		F31BCAA9257BB57D005343D6 /* Products */ = {
			isa = PBXGroup;
			children = (
				F31BCAA8257BB57D005343D6 /* periodeux.app */,
				F31BCAB9257BB57F005343D6 /* periodeuxTests.xctest */,
				F31BCAC4257BB57F005343D6 /* periodeuxUITests.xctest */,
			);
			name = Products;
			sourceTree = "<group>";
		};
		F31BCAAA257BB57D005343D6 /* periodeux */ = {
			isa = PBXGroup;
			children = (
				F31BCAAB257BB57D005343D6 /* periodeuxApp.swift */,
				F31BCAAD257BB57D005343D6 /* ContentView.swift */,
				F3150C22258786FE003129DE /* views */,
				F3150C0925878389003129DE /* models */,
				F31BCAD9257BB6FD005343D6 /* Colors.xcassets */,
				F31BCAAF257BB57F005343D6 /* Assets.xcassets */,
				F31BCAB4257BB57F005343D6 /* Info.plist */,
				F31BCAB1257BB57F005343D6 /* Preview Content */,
			);
			path = periodeux;
			sourceTree = "<group>";
		};
		F31BCAB1257BB57F005343D6 /* Preview Content */ = {
			isa = PBXGroup;
			children = (
				F31BCAB2257BB57F005343D6 /* Preview Assets.xcassets */,
			);
			path = "Preview Content";
			sourceTree = "<group>";
		};
		F31BCABC257BB57F005343D6 /* periodeuxTests */ = {
			isa = PBXGroup;
			children = (
				F31BCABD257BB57F005343D6 /* periodeuxTests.swift */,
				F31BCABF257BB57F005343D6 /* Info.plist */,
			);
			path = periodeuxTests;
			sourceTree = "<group>";
		};
		F31BCAC7257BB57F005343D6 /* periodeuxUITests */ = {
			isa = PBXGroup;
			children = (
				F31BCAC8257BB57F005343D6 /* periodeuxUITests.swift */,
				F31BCACA257BB57F005343D6 /* Info.plist */,
			);
			path = periodeuxUITests;
			sourceTree = "<group>";
		};
/* End PBXGroup section */

/* Begin PBXNativeTarget section */
		F31BCAA7257BB57D005343D6 /* periodeux */ = {
			isa = PBXNativeTarget;
			buildConfigurationList = F31BCACD257BB57F005343D6 /* Build configuration list for PBXNativeTarget "periodeux" */;
			buildPhases = (
				F31BCAA4257BB57D005343D6 /* Sources */,
				F31BCAA5257BB57D005343D6 /* Frameworks */,
				F31BCAA6257BB57D005343D6 /* Resources */,
			);
			buildRules = (
			);
			dependencies = (
			);
			name = periodeux;
			productName = periodeux;
			productReference = F31BCAA8257BB57D005343D6 /* periodeux.app */;
			productType = "com.apple.product-type.application";
		};
		F31BCAB8257BB57F005343D6 /* periodeuxTests */ = {
			isa = PBXNativeTarget;
			buildConfigurationList = F31BCAD0257BB57F005343D6 /* Build configuration list for PBXNativeTarget "periodeuxTests" */;
			buildPhases = (
				F31BCAB5257BB57F005343D6 /* Sources */,
				F31BCAB6257BB57F005343D6 /* Frameworks */,
				F31BCAB7257BB57F005343D6 /* Resources */,
			);
			buildRules = (
			);
			dependencies = (
				F31BCABB257BB57F005343D6 /* PBXTargetDependency */,
			);
			name = periodeuxTests;
			productName = periodeuxTests;
			productReference = F31BCAB9257BB57F005343D6 /* periodeuxTests.xctest */;
			productType = "com.apple.product-type.bundle.unit-test";
		};
		F31BCAC3257BB57F005343D6 /* periodeuxUITests */ = {
			isa = PBXNativeTarget;
			buildConfigurationList = F31BCAD3257BB57F005343D6 /* Build configuration list for PBXNativeTarget "periodeuxUITests" */;
			buildPhases = (
				F31BCAC0257BB57F005343D6 /* Sources */,
				F31BCAC1257BB57F005343D6 /* Frameworks */,
				F31BCAC2257BB57F005343D6 /* Resources */,
			);
			buildRules = (
			);
			dependencies = (
				F31BCAC6257BB57F005343D6 /* PBXTargetDependency */,
			);
			name = periodeuxUITests;
			productName = periodeuxUITests;
			productReference = F31BCAC4257BB57F005343D6 /* periodeuxUITests.xctest */;
			productType = "com.apple.product-type.bundle.ui-testing";
		};
/* End PBXNativeTarget section */

/* Begin PBXProject section */
		F31BCAA0257BB57D005343D6 /* Project object */ = {
			isa = PBXProject;
			attributes = {
				LastSwiftUpdateCheck = 1220;
				LastUpgradeCheck = 1220;
				TargetAttributes = {
					F31BCAA7257BB57D005343D6 = {
						CreatedOnToolsVersion = 12.2;
					};
					F31BCAB8257BB57F005343D6 = {
						CreatedOnToolsVersion = 12.2;
						TestTargetID = F31BCAA7257BB57D005343D6;
					};
					F31BCAC3257BB57F005343D6 = {
						CreatedOnToolsVersion = 12.2;
						TestTargetID = F31BCAA7257BB57D005343D6;
					};
				};
			};
			buildConfigurationList = F31BCAA3257BB57D005343D6 /* Build configuration list for PBXProject "periodeux" */;
			compatibilityVersion = "Xcode 9.3";
			developmentRegion = en;
			hasScannedForEncodings = 0;
			knownRegions = (
				en,
				"en-GB",
				Base,
			);
			mainGroup = F31BCA9F257BB57D005343D6;
			productRefGroup = F31BCAA9257BB57D005343D6 /* Products */;
			projectDirPath = "";
			projectRoot = "";
			targets = (
				F31BCAA7257BB57D005343D6 /* periodeux */,
				F31BCAB8257BB57F005343D6 /* periodeuxTests */,
				F31BCAC3257BB57F005343D6 /* periodeuxUITests */,
			);
		};
/* End PBXProject section */

/* Begin PBXResourcesBuildPhase section */
		F31BCAA6257BB57D005343D6 /* Resources */ = {
			isa = PBXResourcesBuildPhase;
			buildActionMask = 2147483647;
			files = (
				F31BCADA257BB6FD005343D6 /* Colors.xcassets in Resources */,
				F31BCAB3257BB57F005343D6 /* Preview Assets.xcassets in Resources */,
				F31BCAB0257BB57F005343D6 /* Assets.xcassets in Resources */,
			);
			runOnlyForDeploymentPostprocessing = 0;
		};
		F31BCAB7257BB57F005343D6 /* Resources */ = {
			isa = PBXResourcesBuildPhase;
			buildActionMask = 2147483647;
			files = (
			);
			runOnlyForDeploymentPostprocessing = 0;
		};
		F31BCAC2257BB57F005343D6 /* Resources */ = {
			isa = PBXResourcesBuildPhase;
			buildActionMask = 2147483647;
			files = (
			);
			runOnlyForDeploymentPostprocessing = 0;
		};
/* End PBXResourcesBuildPhase section */

/* Begin PBXSourcesBuildPhase section */
		F31BCAA4257BB57D005343D6 /* Sources */ = {
			isa = PBXSourcesBuildPhase;
			buildActionMask = 2147483647;
			files = (
				F3B0365A2589069B003A6771 /* LargeSymptomCellView.swift in Sources */,
				F31BCAE2257BB92D005343D6 /* CountdownView.swift in Sources */,
				F30FCB0425AE180C00A9F6AF /* CalendarView.swift in Sources */,
				F31BCAAE257BB57D005343D6 /* ContentView.swift in Sources */,
				F31BCB0B257BCDEC005343D6 /* SmallSymptomCellView.swift in Sources */,
				F31BCB13257BD075005343D6 /* SmallBleedingCellView.swift in Sources */,
				F3B0365F258906A9003A6771 /* LargeBleedingCellView.swift in Sources */,
				F3B0365525890687003A6771 /* LargeMoodCellView.swift in Sources */,
				F31BCAF4257BBDBB005343D6 /* RectangleWrapperView.swift in Sources */,
				F31BCB06257BC866005343D6 /* SmallMoodCellView.swift in Sources */,
				F31BCAAC257BB57D005343D6 /* periodeuxApp.swift in Sources */,
				F34556A72580106E00523956 /* ModalInfoView.swift in Sources */,
				F3150C0B258783A7003129DE /* MoodModel.swift in Sources */,
				F3150C1825878441003129DE /* BleedingModel.swift in Sources */,
				F31BCAF9257BC562005343D6 /* InfoInputView.swift in Sources */,
				F3150C1325878419003129DE /* SymptomModel.swift in Sources */,
			);
			runOnlyForDeploymentPostprocessing = 0;
		};
		F31BCAB5257BB57F005343D6 /* Sources */ = {
			isa = PBXSourcesBuildPhase;
			buildActionMask = 2147483647;
			files = (
				F31BCABE257BB57F005343D6 /* periodeuxTests.swift in Sources */,
			);
			runOnlyForDeploymentPostprocessing = 0;
		};
		F31BCAC0257BB57F005343D6 /* Sources */ = {
			isa = PBXSourcesBuildPhase;
			buildActionMask = 2147483647;
			files = (
				F31BCAC9257BB57F005343D6 /* periodeuxUITests.swift in Sources */,
			);
			runOnlyForDeploymentPostprocessing = 0;
		};
/* End PBXSourcesBuildPhase section */

/* Begin PBXTargetDependency section */
		F31BCABB257BB57F005343D6 /* PBXTargetDependency */ = {
			isa = PBXTargetDependency;
			target = F31BCAA7257BB57D005343D6 /* periodeux */;
			targetProxy = F31BCABA257BB57F005343D6 /* PBXContainerItemProxy */;
		};
		F31BCAC6257BB57F005343D6 /* PBXTargetDependency */ = {
			isa = PBXTargetDependency;
			target = F31BCAA7257BB57D005343D6 /* periodeux */;
			targetProxy = F31BCAC5257BB57F005343D6 /* PBXContainerItemProxy */;
		};
/* End PBXTargetDependency section */

/* Begin XCBuildConfiguration section */
		F31BCACB257BB57F005343D6 /* Debug */ = {
			isa = XCBuildConfiguration;
			buildSettings = {
				ALWAYS_SEARCH_USER_PATHS = NO;
				CLANG_ANALYZER_NONNULL = YES;
				CLANG_ANALYZER_NUMBER_OBJECT_CONVERSION = YES_AGGRESSIVE;
				CLANG_CXX_LANGUAGE_STANDARD = "gnu++14";
				CLANG_CXX_LIBRARY = "libc++";
				CLANG_ENABLE_MODULES = YES;
				CLANG_ENABLE_OBJC_ARC = YES;
				CLANG_ENABLE_OBJC_WEAK = YES;
				CLANG_WARN_BLOCK_CAPTURE_AUTORELEASING = YES;
				CLANG_WARN_BOOL_CONVERSION = YES;
				CLANG_WARN_COMMA = YES;
				CLANG_WARN_CONSTANT_CONVERSION = YES;
				CLANG_WARN_DEPRECATED_OBJC_IMPLEMENTATIONS = YES;
				CLANG_WARN_DIRECT_OBJC_ISA_USAGE = YES_ERROR;
				CLANG_WARN_DOCUMENTATION_COMMENTS = YES;
				CLANG_WARN_EMPTY_BODY = YES;
				CLANG_WARN_ENUM_CONVERSION = YES;
				CLANG_WARN_INFINITE_RECURSION = YES;
				CLANG_WARN_INT_CONVERSION = YES;
				CLANG_WARN_NON_LITERAL_NULL_CONVERSION = YES;
				CLANG_WARN_OBJC_IMPLICIT_RETAIN_SELF = YES;
				CLANG_WARN_OBJC_LITERAL_CONVERSION = YES;
				CLANG_WARN_OBJC_ROOT_CLASS = YES_ERROR;
				CLANG_WARN_QUOTED_INCLUDE_IN_FRAMEWORK_HEADER = YES;
				CLANG_WARN_RANGE_LOOP_ANALYSIS = YES;
				CLANG_WARN_STRICT_PROTOTYPES = YES;
				CLANG_WARN_SUSPICIOUS_MOVE = YES;
				CLANG_WARN_UNGUARDED_AVAILABILITY = YES_AGGRESSIVE;
				CLANG_WARN_UNREACHABLE_CODE = YES;
				CLANG_WARN__DUPLICATE_METHOD_MATCH = YES;
				COPY_PHASE_STRIP = NO;
				DEBUG_INFORMATION_FORMAT = dwarf;
				ENABLE_STRICT_OBJC_MSGSEND = YES;
				ENABLE_TESTABILITY = YES;
				GCC_C_LANGUAGE_STANDARD = gnu11;
				GCC_DYNAMIC_NO_PIC = NO;
				GCC_NO_COMMON_BLOCKS = YES;
				GCC_OPTIMIZATION_LEVEL = 0;
				GCC_PREPROCESSOR_DEFINITIONS = (
					"DEBUG=1",
					"$(inherited)",
				);
				GCC_WARN_64_TO_32_BIT_CONVERSION = YES;
				GCC_WARN_ABOUT_RETURN_TYPE = YES_ERROR;
				GCC_WARN_UNDECLARED_SELECTOR = YES;
				GCC_WARN_UNINITIALIZED_AUTOS = YES_AGGRESSIVE;
				GCC_WARN_UNUSED_FUNCTION = YES;
				GCC_WARN_UNUSED_VARIABLE = YES;
				IPHONEOS_DEPLOYMENT_TARGET = 14.2;
				MTL_ENABLE_DEBUG_INFO = INCLUDE_SOURCE;
				MTL_FAST_MATH = YES;
				ONLY_ACTIVE_ARCH = YES;
				SDKROOT = iphoneos;
				SWIFT_ACTIVE_COMPILATION_CONDITIONS = DEBUG;
				SWIFT_OPTIMIZATION_LEVEL = "-Onone";
			};
			name = Debug;
		};
		F31BCACC257BB57F005343D6 /* Release */ = {
			isa = XCBuildConfiguration;
			buildSettings = {
				ALWAYS_SEARCH_USER_PATHS = NO;
				CLANG_ANALYZER_NONNULL = YES;
				CLANG_ANALYZER_NUMBER_OBJECT_CONVERSION = YES_AGGRESSIVE;
				CLANG_CXX_LANGUAGE_STANDARD = "gnu++14";
				CLANG_CXX_LIBRARY = "libc++";
				CLANG_ENABLE_MODULES = YES;
				CLANG_ENABLE_OBJC_ARC = YES;
				CLANG_ENABLE_OBJC_WEAK = YES;
				CLANG_WARN_BLOCK_CAPTURE_AUTORELEASING = YES;
				CLANG_WARN_BOOL_CONVERSION = YES;
				CLANG_WARN_COMMA = YES;
				CLANG_WARN_CONSTANT_CONVERSION = YES;
				CLANG_WARN_DEPRECATED_OBJC_IMPLEMENTATIONS = YES;
				CLANG_WARN_DIRECT_OBJC_ISA_USAGE = YES_ERROR;
				CLANG_WARN_DOCUMENTATION_COMMENTS = YES;
				CLANG_WARN_EMPTY_BODY = YES;
				CLANG_WARN_ENUM_CONVERSION = YES;
				CLANG_WARN_INFINITE_RECURSION = YES;
				CLANG_WARN_INT_CONVERSION = YES;
				CLANG_WARN_NON_LITERAL_NULL_CONVERSION = YES;
				CLANG_WARN_OBJC_IMPLICIT_RETAIN_SELF = YES;
				CLANG_WARN_OBJC_LITERAL_CONVERSION = YES;
				CLANG_WARN_OBJC_ROOT_CLASS = YES_ERROR;
				CLANG_WARN_QUOTED_INCLUDE_IN_FRAMEWORK_HEADER = YES;
				CLANG_WARN_RANGE_LOOP_ANALYSIS = YES;
				CLANG_WARN_STRICT_PROTOTYPES = YES;
				CLANG_WARN_SUSPICIOUS_MOVE = YES;
				CLANG_WARN_UNGUARDED_AVAILABILITY = YES_AGGRESSIVE;
				CLANG_WARN_UNREACHABLE_CODE = YES;
				CLANG_WARN__DUPLICATE_METHOD_MATCH = YES;
				COPY_PHASE_STRIP = NO;
				DEBUG_INFORMATION_FORMAT = "dwarf-with-dsym";
				ENABLE_NS_ASSERTIONS = NO;
				ENABLE_STRICT_OBJC_MSGSEND = YES;
				GCC_C_LANGUAGE_STANDARD = gnu11;
				GCC_NO_COMMON_BLOCKS = YES;
				GCC_WARN_64_TO_32_BIT_CONVERSION = YES;
				GCC_WARN_ABOUT_RETURN_TYPE = YES_ERROR;
				GCC_WARN_UNDECLARED_SELECTOR = YES;
				GCC_WARN_UNINITIALIZED_AUTOS = YES_AGGRESSIVE;
				GCC_WARN_UNUSED_FUNCTION = YES;
				GCC_WARN_UNUSED_VARIABLE = YES;
				IPHONEOS_DEPLOYMENT_TARGET = 14.2;
				MTL_ENABLE_DEBUG_INFO = NO;
				MTL_FAST_MATH = YES;
				SDKROOT = iphoneos;
				SWIFT_COMPILATION_MODE = wholemodule;
				SWIFT_OPTIMIZATION_LEVEL = "-O";
				VALIDATE_PRODUCT = YES;
			};
			name = Release;
		};
		F31BCACE257BB57F005343D6 /* Debug */ = {
			isa = XCBuildConfiguration;
			buildSettings = {
				ASSETCATALOG_COMPILER_APPICON_NAME = AppIcon;
				ASSETCATALOG_COMPILER_GLOBAL_ACCENT_COLOR_NAME = AccentColor;
				CODE_SIGN_STYLE = Automatic;
				DEVELOPMENT_ASSET_PATHS = "\"periodeux/Preview Content\"";
				ENABLE_PREVIEWS = YES;
				INFOPLIST_FILE = periodeux/Info.plist;
				IPHONEOS_DEPLOYMENT_TARGET = 14.0;
				LD_RUNPATH_SEARCH_PATHS = (
					"$(inherited)",
					"@executable_path/Frameworks",
				);
				PRODUCT_BUNDLE_IDENTIFIER = test.periodeux;
				PRODUCT_NAME = "$(TARGET_NAME)";
				SWIFT_VERSION = 5.0;
				TARGETED_DEVICE_FAMILY = "1,2";
			};
			name = Debug;
		};
		F31BCACF257BB57F005343D6 /* Release */ = {
			isa = XCBuildConfiguration;
			buildSettings = {
				ASSETCATALOG_COMPILER_APPICON_NAME = AppIcon;
				ASSETCATALOG_COMPILER_GLOBAL_ACCENT_COLOR_NAME = AccentColor;
				CODE_SIGN_STYLE = Automatic;
				DEVELOPMENT_ASSET_PATHS = "\"periodeux/Preview Content\"";
				ENABLE_PREVIEWS = YES;
				INFOPLIST_FILE = periodeux/Info.plist;
				IPHONEOS_DEPLOYMENT_TARGET = 14.0;
				LD_RUNPATH_SEARCH_PATHS = (
					"$(inherited)",
					"@executable_path/Frameworks",
				);
				PRODUCT_BUNDLE_IDENTIFIER = test.periodeux;
				PRODUCT_NAME = "$(TARGET_NAME)";
				SWIFT_VERSION = 5.0;
				TARGETED_DEVICE_FAMILY = "1,2";
			};
			name = Release;
		};
		F31BCAD1257BB57F005343D6 /* Debug */ = {
			isa = XCBuildConfiguration;
			buildSettings = {
				ALWAYS_EMBED_SWIFT_STANDARD_LIBRARIES = YES;
				BUNDLE_LOADER = "$(TEST_HOST)";
				CODE_SIGN_STYLE = Automatic;
				INFOPLIST_FILE = periodeuxTests/Info.plist;
				IPHONEOS_DEPLOYMENT_TARGET = 14.0;
				LD_RUNPATH_SEARCH_PATHS = (
					"$(inherited)",
					"@executable_path/Frameworks",
					"@loader_path/Frameworks",
				);
				PRODUCT_BUNDLE_IDENTIFIER = test.periodeuxTests;
				PRODUCT_NAME = "$(TARGET_NAME)";
				SWIFT_VERSION = 5.0;
				TARGETED_DEVICE_FAMILY = "1,2";
				TEST_HOST = "$(BUILT_PRODUCTS_DIR)/periodeux.app/periodeux";
			};
			name = Debug;
		};
		F31BCAD2257BB57F005343D6 /* Release */ = {
			isa = XCBuildConfiguration;
			buildSettings = {
				ALWAYS_EMBED_SWIFT_STANDARD_LIBRARIES = YES;
				BUNDLE_LOADER = "$(TEST_HOST)";
				CODE_SIGN_STYLE = Automatic;
				INFOPLIST_FILE = periodeuxTests/Info.plist;
				IPHONEOS_DEPLOYMENT_TARGET = 14.0;
				LD_RUNPATH_SEARCH_PATHS = (
					"$(inherited)",
					"@executable_path/Frameworks",
					"@loader_path/Frameworks",
				);
				PRODUCT_BUNDLE_IDENTIFIER = test.periodeuxTests;
				PRODUCT_NAME = "$(TARGET_NAME)";
				SWIFT_VERSION = 5.0;
				TARGETED_DEVICE_FAMILY = "1,2";
				TEST_HOST = "$(BUILT_PRODUCTS_DIR)/periodeux.app/periodeux";
			};
			name = Release;
		};
		F31BCAD4257BB57F005343D6 /* Debug */ = {
			isa = XCBuildConfiguration;
			buildSettings = {
				ALWAYS_EMBED_SWIFT_STANDARD_LIBRARIES = YES;
				CODE_SIGN_STYLE = Automatic;
				INFOPLIST_FILE = periodeuxUITests/Info.plist;
				LD_RUNPATH_SEARCH_PATHS = (
					"$(inherited)",
					"@executable_path/Frameworks",
					"@loader_path/Frameworks",
				);
				PRODUCT_BUNDLE_IDENTIFIER = test.periodeuxUITests;
				PRODUCT_NAME = "$(TARGET_NAME)";
				SWIFT_VERSION = 5.0;
				TARGETED_DEVICE_FAMILY = "1,2";
				TEST_TARGET_NAME = periodeux;
			};
			name = Debug;
		};
		F31BCAD5257BB57F005343D6 /* Release */ = {
			isa = XCBuildConfiguration;
			buildSettings = {
				ALWAYS_EMBED_SWIFT_STANDARD_LIBRARIES = YES;
				CODE_SIGN_STYLE = Automatic;
				INFOPLIST_FILE = periodeuxUITests/Info.plist;
				LD_RUNPATH_SEARCH_PATHS = (
					"$(inherited)",
					"@executable_path/Frameworks",
					"@loader_path/Frameworks",
				);
				PRODUCT_BUNDLE_IDENTIFIER = test.periodeuxUITests;
				PRODUCT_NAME = "$(TARGET_NAME)";
				SWIFT_VERSION = 5.0;
				TARGETED_DEVICE_FAMILY = "1,2";
				TEST_TARGET_NAME = periodeux;
			};
			name = Release;
		};
/* End XCBuildConfiguration section */

/* Begin XCConfigurationList section */
		F31BCAA3257BB57D005343D6 /* Build configuration list for PBXProject "periodeux" */ = {
			isa = XCConfigurationList;
			buildConfigurations = (
				F31BCACB257BB57F005343D6 /* Debug */,
				F31BCACC257BB57F005343D6 /* Release */,
			);
			defaultConfigurationIsVisible = 0;
			defaultConfigurationName = Release;
		};
		F31BCACD257BB57F005343D6 /* Build configuration list for PBXNativeTarget "periodeux" */ = {
			isa = XCConfigurationList;
			buildConfigurations = (
				F31BCACE257BB57F005343D6 /* Debug */,
				F31BCACF257BB57F005343D6 /* Release */,
			);
			defaultConfigurationIsVisible = 0;
			defaultConfigurationName = Release;
		};
		F31BCAD0257BB57F005343D6 /* Build configuration list for PBXNativeTarget "periodeuxTests" */ = {
			isa = XCConfigurationList;
			buildConfigurations = (
				F31BCAD1257BB57F005343D6 /* Debug */,
				F31BCAD2257BB57F005343D6 /* Release */,
			);
			defaultConfigurationIsVisible = 0;
			defaultConfigurationName = Release;
		};
		F31BCAD3257BB57F005343D6 /* Build configuration list for PBXNativeTarget "periodeuxUITests" */ = {
			isa = XCConfigurationList;
			buildConfigurations = (
				F31BCAD4257BB57F005343D6 /* Debug */,
				F31BCAD5257BB57F005343D6 /* Release */,
			);
			defaultConfigurationIsVisible = 0;
			defaultConfigurationName = Release;
		};
/* End XCConfigurationList section */
	};
	rootObject = F31BCAA0257BB57D005343D6 /* Project object */;
}
